{
  "requires": true,
  "lockfileVersion": 1,
  "dependencies": {
    "bootstrap": {
      "version": "4.3.1",
      "resolved": "https://registry.npmjs.org/bootstrap/-/bootstrap-4.3.1.tgz",
      "integrity": "sha512-rXqOmH1VilAt2DyPzluTi2blhk17bO7ef+zLLPlWvG494pDxcM234pJ8wTc/6R40UWizAIIMgxjvxZg5kmsbag=="
    },
    "bootstrap-select": {
      "version": "1.13.12",
      "resolved": "https://registry.npmjs.org/bootstrap-select/-/bootstrap-select-1.13.12.tgz",
      "integrity": "sha512-epsPt6WpgmL9Q9Y22JFntajdhhqvCwV/JKiBZF3YFvMHK9YzzDPQft/Cjqvsgq0bhF32BlvG03Qs3qA/pVRAqQ=="
    },
    "fastsearch": {
      "version": "1.11.1",
      "resolved": "https://registry.npmjs.org/fastsearch/-/fastsearch-1.11.1.tgz",
      "integrity": "sha1-Kus+n26e8OLty+gJhBv0JD/vbfE=",
      "requires": {
        "jquery": ">=1.7"
      }
    },
    "fastselect": {
      "version": "0.7.3",
      "resolved": "https://registry.npmjs.org/fastselect/-/fastselect-0.7.3.tgz",
      "integrity": "sha1-sUNBFu0EVe+diB9kZnnepssUb6c=",
      "requires": {
        "fastsearch": "^1.11.1",
        "jquery": ">=1.7"
      }
    },
    "jquery": {
      "version": "3.4.1",
      "resolved": "https://registry.npmjs.org/jquery/-/jquery-3.4.1.tgz",
      "integrity": "sha512-36+AdBzCL+y6qjw5Tx7HgzeGCzC81MDDgaUP8ld2zhx58HdqXGoBd+tHdrBMiyjGQs0Hxs/MLZTu/eHNJJuWPw=="
    }
  }
}
